// !$*UTF8*$!
{
	archiveVersion = 1;
	classes = {
	};
	objectVersion = 56;
	objects = {

/* Begin PBXBuildFile section */
		A70EEC752A6BF8A000E120CF /* LoginViewController.swift in Sources */ = {isa = PBXBuildFile; fileRef = A70EEC742A6BF8A000E120CF /* LoginViewController.swift */; };
		A70EEC772A6BF8AF00E120CF /* RegistrationViewController.swift in Sources */ = {isa = PBXBuildFile; fileRef = A70EEC762A6BF8AF00E120CF /* RegistrationViewController.swift */; };
		A774302F2A6A7DFB00124F31 /* AppDelegate.swift in Sources */ = {isa = PBXBuildFile; fileRef = A774302E2A6A7DFB00124F31 /* AppDelegate.swift */; };
		A77430312A6A7DFB00124F31 /* SceneDelegate.swift in Sources */ = {isa = PBXBuildFile; fileRef = A77430302A6A7DFB00124F31 /* SceneDelegate.swift */; };
		A77430382A6A7DFB00124F31 /* Assets.xcassets in Resources */ = {isa = PBXBuildFile; fileRef = A77430372A6A7DFB00124F31 /* Assets.xcassets */; };
		A774303B2A6A7DFB00124F31 /* LaunchScreen.storyboard in Resources */ = {isa = PBXBuildFile; fileRef = A77430392A6A7DFB00124F31 /* LaunchScreen.storyboard */; };
		A77430492A6A7EB300124F31 /* MainViewController.swift in Sources */ = {isa = PBXBuildFile; fileRef = A77430482A6A7EB300124F31 /* MainViewController.swift */; };
		A774304B2A6A7F6E00124F31 /* FeedViewController.swift in Sources */ = {isa = PBXBuildFile; fileRef = A774304A2A6A7F6E00124F31 /* FeedViewController.swift */; };
		A774304D2A6A7F7C00124F31 /* SearchViewController.swift in Sources */ = {isa = PBXBuildFile; fileRef = A774304C2A6A7F7C00124F31 /* SearchViewController.swift */; };
		A774304F2A6A7F8800124F31 /* ImageSelectorViewController.swift in Sources */ = {isa = PBXBuildFile; fileRef = A774304E2A6A7F8800124F31 /* ImageSelectorViewController.swift */; };
		A77430512A6A7F9600124F31 /* NotificationViewController.swift in Sources */ = {isa = PBXBuildFile; fileRef = A77430502A6A7F9600124F31 /* NotificationViewController.swift */; };
		A77430532A6A7FA100124F31 /* ProfileViewController.swift in Sources */ = {isa = PBXBuildFile; fileRef = A77430522A6A7FA100124F31 /* ProfileViewController.swift */; };
		A7D5AF182A6BE405000338BE /* FeedCell.swift in Sources */ = {isa = PBXBuildFile; fileRef = A7D5AF172A6BE405000338BE /* FeedCell.swift */; };
		C8FE111D68369F67F4DC02FA /* Pods_InstagramApp.framework in Frameworks */ = {isa = PBXBuildFile; fileRef = A3F3DF9C1482927CB16DEFA8 /* Pods_InstagramApp.framework */; };
/* End PBXBuildFile section */

/* Begin PBXFileReference section */
		5086137D0EF9173111208226 /* Pods-InstagramApp.release.xcconfig */ = {isa = PBXFileReference; includeInIndex = 1; lastKnownFileType = text.xcconfig; name = "Pods-InstagramApp.release.xcconfig"; path = "Target Support Files/Pods-InstagramApp/Pods-InstagramApp.release.xcconfig"; sourceTree = "<group>"; };
		8C422D45B1232B59E93C24C4 /* Pods-InstagramApp.debug.xcconfig */ = {isa = PBXFileReference; includeInIndex = 1; lastKnownFileType = text.xcconfig; name = "Pods-InstagramApp.debug.xcconfig"; path = "Target Support Files/Pods-InstagramApp/Pods-InstagramApp.debug.xcconfig"; sourceTree = "<group>"; };
		A3F3DF9C1482927CB16DEFA8 /* Pods_InstagramApp.framework */ = {isa = PBXFileReference; explicitFileType = wrapper.framework; includeInIndex = 0; path = Pods_InstagramApp.framework; sourceTree = BUILT_PRODUCTS_DIR; };
		A70EEC742A6BF8A000E120CF /* LoginViewController.swift */ = {isa = PBXFileReference; lastKnownFileType = sourcecode.swift; path = LoginViewController.swift; sourceTree = "<group>"; };
		A70EEC762A6BF8AF00E120CF /* RegistrationViewController.swift */ = {isa = PBXFileReference; lastKnownFileType = sourcecode.swift; path = RegistrationViewController.swift; sourceTree = "<group>"; };
		A774302B2A6A7DFB00124F31 /* InstagramApp.app */ = {isa = PBXFileReference; explicitFileType = wrapper.application; includeInIndex = 0; path = InstagramApp.app; sourceTree = BUILT_PRODUCTS_DIR; };
		A774302E2A6A7DFB00124F31 /* AppDelegate.swift */ = {isa = PBXFileReference; lastKnownFileType = sourcecode.swift; path = AppDelegate.swift; sourceTree = "<group>"; };
		A77430302A6A7DFB00124F31 /* SceneDelegate.swift */ = {isa = PBXFileReference; lastKnownFileType = sourcecode.swift; path = SceneDelegate.swift; sourceTree = "<group>"; };
		A77430372A6A7DFB00124F31 /* Assets.xcassets */ = {isa = PBXFileReference; lastKnownFileType = folder.assetcatalog; path = Assets.xcassets; sourceTree = "<group>"; };
		A774303A2A6A7DFB00124F31 /* Base */ = {isa = PBXFileReference; lastKnownFileType = file.storyboard; name = Base; path = Base.lproj/LaunchScreen.storyboard; sourceTree = "<group>"; };
		A774303C2A6A7DFB00124F31 /* Info.plist */ = {isa = PBXFileReference; lastKnownFileType = text.plist.xml; path = Info.plist; sourceTree = "<group>"; };
		A77430482A6A7EB300124F31 /* MainViewController.swift */ = {isa = PBXFileReference; lastKnownFileType = sourcecode.swift; path = MainViewController.swift; sourceTree = "<group>"; };
		A774304A2A6A7F6E00124F31 /* FeedViewController.swift */ = {isa = PBXFileReference; lastKnownFileType = sourcecode.swift; path = FeedViewController.swift; sourceTree = "<group>"; };
		A774304C2A6A7F7C00124F31 /* SearchViewController.swift */ = {isa = PBXFileReference; lastKnownFileType = sourcecode.swift; path = SearchViewController.swift; sourceTree = "<group>"; };
		A774304E2A6A7F8800124F31 /* ImageSelectorViewController.swift */ = {isa = PBXFileReference; lastKnownFileType = sourcecode.swift; path = ImageSelectorViewController.swift; sourceTree = "<group>"; };
		A77430502A6A7F9600124F31 /* NotificationViewController.swift */ = {isa = PBXFileReference; lastKnownFileType = sourcecode.swift; path = NotificationViewController.swift; sourceTree = "<group>"; };
		A77430522A6A7FA100124F31 /* ProfileViewController.swift */ = {isa = PBXFileReference; lastKnownFileType = sourcecode.swift; path = ProfileViewController.swift; sourceTree = "<group>"; };
		A7D5AF172A6BE405000338BE /* FeedCell.swift */ = {isa = PBXFileReference; lastKnownFileType = sourcecode.swift; path = FeedCell.swift; sourceTree = "<group>"; };
/* End PBXFileReference section */

/* Begin PBXFrameworksBuildPhase section */
		A77430282A6A7DFB00124F31 /* Frameworks */ = {
			isa = PBXFrameworksBuildPhase;
			buildActionMask = 2147483647;
			files = (
				C8FE111D68369F67F4DC02FA /* Pods_InstagramApp.framework in Frameworks */,
			);
			runOnlyForDeploymentPostprocessing = 0;
		};
/* End PBXFrameworksBuildPhase section */

/* Begin PBXGroup section */
		A3EA3A06373880C9EA1A678D /* Frameworks */ = {
			isa = PBXGroup;
			children = (
				A3F3DF9C1482927CB16DEFA8 /* Pods_InstagramApp.framework */,
			);
			name = Frameworks;
			sourceTree = "<group>";
		};
		A70EEC732A6BF84C00E120CF /* Authentication */ = {
			isa = PBXGroup;
			children = (
				A70EEC742A6BF8A000E120CF /* LoginViewController.swift */,
				A70EEC762A6BF8AF00E120CF /* RegistrationViewController.swift */,
			);
			path = Authentication;
			sourceTree = "<group>";
		};
		A77430222A6A7DFB00124F31 = {
			isa = PBXGroup;
			children = (
				A774302D2A6A7DFB00124F31 /* InstagramApp */,
				A774302C2A6A7DFB00124F31 /* Products */,
				E239DE60BC0BB4D864E2A0E2 /* Pods */,
				A3EA3A06373880C9EA1A678D /* Frameworks */,
			);
			sourceTree = "<group>";
		};
		A774302C2A6A7DFB00124F31 /* Products */ = {
			isa = PBXGroup;
			children = (
				A774302B2A6A7DFB00124F31 /* InstagramApp.app */,
			);
			name = Products;
			sourceTree = "<group>";
		};
		A774302D2A6A7DFB00124F31 /* InstagramApp */ = {
			isa = PBXGroup;
			children = (
				A77430472A6A7E5C00124F31 /* Model */,
				A77430462A6A7E5900124F31 /* View */,
				A77430452A6A7E5100124F31 /* ViewModel */,
				A77430442A6A7E4F00124F31 /* Controller */,
				A77430432A6A7E4D00124F31 /* API */,
				A77430422A6A7E4B00124F31 /* Utils */,
				A774302E2A6A7DFB00124F31 /* AppDelegate.swift */,
				A77430302A6A7DFB00124F31 /* SceneDelegate.swift */,
				A77430372A6A7DFB00124F31 /* Assets.xcassets */,
				A77430392A6A7DFB00124F31 /* LaunchScreen.storyboard */,
				A774303C2A6A7DFB00124F31 /* Info.plist */,
			);
			path = InstagramApp;
			sourceTree = "<group>";
		};
		A77430422A6A7E4B00124F31 /* Utils */ = {
			isa = PBXGroup;
			children = (
			);
			path = Utils;
			sourceTree = "<group>";
		};
		A77430432A6A7E4D00124F31 /* API */ = {
			isa = PBXGroup;
			children = (
			);
			path = API;
			sourceTree = "<group>";
		};
		A77430442A6A7E4F00124F31 /* Controller */ = {
			isa = PBXGroup;
			children = (
				A70EEC732A6BF84C00E120CF /* Authentication */,
				A77430482A6A7EB300124F31 /* MainViewController.swift */,
				A774304A2A6A7F6E00124F31 /* FeedViewController.swift */,
				A774304C2A6A7F7C00124F31 /* SearchViewController.swift */,
				A774304E2A6A7F8800124F31 /* ImageSelectorViewController.swift */,
				A77430502A6A7F9600124F31 /* NotificationViewController.swift */,
				A77430522A6A7FA100124F31 /* ProfileViewController.swift */,
			);
			path = Controller;
			sourceTree = "<group>";
		};
		A77430452A6A7E5100124F31 /* ViewModel */ = {
			isa = PBXGroup;
			children = (
			);
			path = ViewModel;
			sourceTree = "<group>";
		};
		A77430462A6A7E5900124F31 /* View */ = {
			isa = PBXGroup;
			children = (
				A7D5AF172A6BE405000338BE /* FeedCell.swift */,
			);
			path = View;
			sourceTree = "<group>";
		};
		A77430472A6A7E5C00124F31 /* Model */ = {
			isa = PBXGroup;
			children = (
			);
			path = Model;
			sourceTree = "<group>";
		};
		E239DE60BC0BB4D864E2A0E2 /* Pods */ = {
			isa = PBXGroup;
			children = (
				8C422D45B1232B59E93C24C4 /* Pods-InstagramApp.debug.xcconfig */,
				5086137D0EF9173111208226 /* Pods-InstagramApp.release.xcconfig */,
			);
			path = Pods;
			sourceTree = "<group>";
		};
/* End PBXGroup section */

/* Begin PBXNativeTarget section */
		A774302A2A6A7DFB00124F31 /* InstagramApp */ = {
			isa = PBXNativeTarget;
			buildConfigurationList = A774303F2A6A7DFB00124F31 /* Build configuration list for PBXNativeTarget "InstagramApp" */;
			buildPhases = (
				D586E5360DDFDA983867C384 /* [CP] Check Pods Manifest.lock */,
				A77430272A6A7DFB00124F31 /* Sources */,
				A77430282A6A7DFB00124F31 /* Frameworks */,
				A77430292A6A7DFB00124F31 /* Resources */,
				6403B2EF62B9C2663290CA12 /* [CP] Embed Pods Frameworks */,
			);
			buildRules = (
			);
			dependencies = (
			);
			name = InstagramApp;
			productName = InstagramApp;
			productReference = A774302B2A6A7DFB00124F31 /* InstagramApp.app */;
			productType = "com.apple.product-type.application";
		};
/* End PBXNativeTarget section */

/* Begin PBXProject section */
		A77430232A6A7DFB00124F31 /* Project object */ = {
			isa = PBXProject;
			attributes = {
				BuildIndependentTargetsInParallel = 1;
				LastSwiftUpdateCheck = 1430;
				LastUpgradeCheck = 1430;
				TargetAttributes = {
					A774302A2A6A7DFB00124F31 = {
						CreatedOnToolsVersion = 14.3.1;
					};
				};
			};
			buildConfigurationList = A77430262A6A7DFB00124F31 /* Build configuration list for PBXProject "InstagramApp" */;
			compatibilityVersion = "Xcode 14.0";
			developmentRegion = en;
			hasScannedForEncodings = 0;
			knownRegions = (
				en,
				Base,
			);
			mainGroup = A77430222A6A7DFB00124F31;
			productRefGroup = A774302C2A6A7DFB00124F31 /* Products */;
			projectDirPath = "";
			projectRoot = "";
			targets = (
				A774302A2A6A7DFB00124F31 /* InstagramApp */,
			);
		};
/* End PBXProject section */

/* Begin PBXResourcesBuildPhase section */
		A77430292A6A7DFB00124F31 /* Resources */ = {
			isa = PBXResourcesBuildPhase;
			buildActionMask = 2147483647;
			files = (
				A774303B2A6A7DFB00124F31 /* LaunchScreen.storyboard in Resources */,
				A77430382A6A7DFB00124F31 /* Assets.xcassets in Resources */,
			);
			runOnlyForDeploymentPostprocessing = 0;
		};
/* End PBXResourcesBuildPhase section */

/* Begin PBXShellScriptBuildPhase section */
		6403B2EF62B9C2663290CA12 /* [CP] Embed Pods Frameworks */ = {
			isa = PBXShellScriptBuildPhase;
			buildActionMask = 2147483647;
			files = (
			);
			inputFileListPaths = (
				"${PODS_ROOT}/Target Support Files/Pods-InstagramApp/Pods-InstagramApp-frameworks-${CONFIGURATION}-input-files.xcfilelist",
			);
			name = "[CP] Embed Pods Frameworks";
			outputFileListPaths = (
				"${PODS_ROOT}/Target Support Files/Pods-InstagramApp/Pods-InstagramApp-frameworks-${CONFIGURATION}-output-files.xcfilelist",
			);
			runOnlyForDeploymentPostprocessing = 0;
			shellPath = /bin/sh;
			shellScript = "\"${PODS_ROOT}/Target Support Files/Pods-InstagramApp/Pods-InstagramApp-frameworks.sh\"\n";
			showEnvVarsInLog = 0;
		};
		D586E5360DDFDA983867C384 /* [CP] Check Pods Manifest.lock */ = {
			isa = PBXShellScriptBuildPhase;
			buildActionMask = 2147483647;
			files = (
			);
			inputFileListPaths = (
			);
			inputPaths = (
				"${PODS_PODFILE_DIR_PATH}/Podfile.lock",
				"${PODS_ROOT}/Manifest.lock",
			);
			name = "[CP] Check Pods Manifest.lock";
			outputFileListPaths = (
			);
			outputPaths = (
				"$(DERIVED_FILE_DIR)/Pods-InstagramApp-checkManifestLockResult.txt",
			);
			runOnlyForDeploymentPostprocessing = 0;
			shellPath = /bin/sh;
			shellScript = "diff \"${PODS_PODFILE_DIR_PATH}/Podfile.lock\" \"${PODS_ROOT}/Manifest.lock\" > /dev/null\nif [ $? != 0 ] ; then\n    # print error to STDERR\n    echo \"error: The sandbox is not in sync with the Podfile.lock. Run 'pod install' or update your CocoaPods installation.\" >&2\n    exit 1\nfi\n# This output is used by Xcode 'outputs' to avoid re-running this script phase.\necho \"SUCCESS\" > \"${SCRIPT_OUTPUT_FILE_0}\"\n";
			showEnvVarsInLog = 0;
		};
/* End PBXShellScriptBuildPhase section */

/* Begin PBXSourcesBuildPhase section */
		A77430272A6A7DFB00124F31 /* Sources */ = {
			isa = PBXSourcesBuildPhase;
			buildActionMask = 2147483647;
			files = (
				A774304D2A6A7F7C00124F31 /* SearchViewController.swift in Sources */,
				A77430492A6A7EB300124F31 /* MainViewController.swift in Sources */,
				A774302F2A6A7DFB00124F31 /* AppDelegate.swift in Sources */,
				A70EEC772A6BF8AF00E120CF /* RegistrationViewController.swift in Sources */,
				A77430512A6A7F9600124F31 /* NotificationViewController.swift in Sources */,
				A774304B2A6A7F6E00124F31 /* FeedViewController.swift in Sources */,
				A77430312A6A7DFB00124F31 /* SceneDelegate.swift in Sources */,
				A77430532A6A7FA100124F31 /* ProfileViewController.swift in Sources */,
				A774304F2A6A7F8800124F31 /* ImageSelectorViewController.swift in Sources */,
				A70EEC752A6BF8A000E120CF /* LoginViewController.swift in Sources */,
				A7D5AF182A6BE405000338BE /* FeedCell.swift in Sources */,
			);
			runOnlyForDeploymentPostprocessing = 0;
		};
/* End PBXSourcesBuildPhase section */

/* Begin PBXVariantGroup section */
		A77430392A6A7DFB00124F31 /* LaunchScreen.storyboard */ = {
			isa = PBXVariantGroup;
			children = (
				A774303A2A6A7DFB00124F31 /* Base */,
			);
			name = LaunchScreen.storyboard;
			sourceTree = "<group>";
		};
/* End PBXVariantGroup section */

/* Begin XCBuildConfiguration section */
		A774303D2A6A7DFB00124F31 /* Debug */ = {
			isa = XCBuildConfiguration;
			buildSettings = {
				ALWAYS_SEARCH_USER_PATHS = NO;
				CLANG_ANALYZER_NONNULL = YES;
				CLANG_ANALYZER_NUMBER_OBJECT_CONVERSION = YES_AGGRESSIVE;
				CLANG_CXX_LANGUAGE_STANDARD = "gnu++20";
				CLANG_ENABLE_MODULES = YES;
				CLANG_ENABLE_OBJC_ARC = YES;
				CLANG_ENABLE_OBJC_WEAK = YES;
				CLANG_WARN_BLOCK_CAPTURE_AUTORELEASING = YES;
				CLANG_WARN_BOOL_CONVERSION = YES;
				CLANG_WARN_COMMA = YES;
				CLANG_WARN_CONSTANT_CONVERSION = YES;
				CLANG_WARN_DEPRECATED_OBJC_IMPLEMENTATIONS = YES;
				CLANG_WARN_DIRECT_OBJC_ISA_USAGE = YES_ERROR;
				CLANG_WARN_DOCUMENTATION_COMMENTS = YES;
				CLANG_WARN_EMPTY_BODY = YES;
				CLANG_WARN_ENUM_CONVERSION = YES;
				CLANG_WARN_INFINITE_RECURSION = YES;
				CLANG_WARN_INT_CONVERSION = YES;
				CLANG_WARN_NON_LITERAL_NULL_CONVERSION = YES;
				CLANG_WARN_OBJC_IMPLICIT_RETAIN_SELF = YES;
				CLANG_WARN_OBJC_LITERAL_CONVERSION = YES;
				CLANG_WARN_OBJC_ROOT_CLASS = YES_ERROR;
				CLANG_WARN_QUOTED_INCLUDE_IN_FRAMEWORK_HEADER = YES;
				CLANG_WARN_RANGE_LOOP_ANALYSIS = YES;
				CLANG_WARN_STRICT_PROTOTYPES = YES;
				CLANG_WARN_SUSPICIOUS_MOVE = YES;
				CLANG_WARN_UNGUARDED_AVAILABILITY = YES_AGGRESSIVE;
				CLANG_WARN_UNREACHABLE_CODE = YES;
				CLANG_WARN__DUPLICATE_METHOD_MATCH = YES;
				COPY_PHASE_STRIP = NO;
				DEBUG_INFORMATION_FORMAT = dwarf;
				ENABLE_STRICT_OBJC_MSGSEND = YES;
				ENABLE_TESTABILITY = YES;
				GCC_C_LANGUAGE_STANDARD = gnu11;
				GCC_DYNAMIC_NO_PIC = NO;
				GCC_NO_COMMON_BLOCKS = YES;
				GCC_OPTIMIZATION_LEVEL = 0;
				GCC_PREPROCESSOR_DEFINITIONS = (
					"DEBUG=1",
					"$(inherited)",
				);
				GCC_WARN_64_TO_32_BIT_CONVERSION = YES;
				GCC_WARN_ABOUT_RETURN_TYPE = YES_ERROR;
				GCC_WARN_UNDECLARED_SELECTOR = YES;
				GCC_WARN_UNINITIALIZED_AUTOS = YES_AGGRESSIVE;
				GCC_WARN_UNUSED_FUNCTION = YES;
				GCC_WARN_UNUSED_VARIABLE = YES;
				IPHONEOS_DEPLOYMENT_TARGET = 16.4;
				MTL_ENABLE_DEBUG_INFO = INCLUDE_SOURCE;
				MTL_FAST_MATH = YES;
				ONLY_ACTIVE_ARCH = YES;
				SDKROOT = iphoneos;
				SWIFT_ACTIVE_COMPILATION_CONDITIONS = DEBUG;
				SWIFT_OPTIMIZATION_LEVEL = "-Onone";
			};
			name = Debug;
		};
		A774303E2A6A7DFB00124F31 /* Release */ = {
			isa = XCBuildConfiguration;
			buildSettings = {
				ALWAYS_SEARCH_USER_PATHS = NO;
				CLANG_ANALYZER_NONNULL = YES;
				CLANG_ANALYZER_NUMBER_OBJECT_CONVERSION = YES_AGGRESSIVE;
				CLANG_CXX_LANGUAGE_STANDARD = "gnu++20";
				CLANG_ENABLE_MODULES = YES;
				CLANG_ENABLE_OBJC_ARC = YES;
				CLANG_ENABLE_OBJC_WEAK = YES;
				CLANG_WARN_BLOCK_CAPTURE_AUTORELEASING = YES;
				CLANG_WARN_BOOL_CONVERSION = YES;
				CLANG_WARN_COMMA = YES;
				CLANG_WARN_CONSTANT_CONVERSION = YES;
				CLANG_WARN_DEPRECATED_OBJC_IMPLEMENTATIONS = YES;
				CLANG_WARN_DIRECT_OBJC_ISA_USAGE = YES_ERROR;
				CLANG_WARN_DOCUMENTATION_COMMENTS = YES;
				CLANG_WARN_EMPTY_BODY = YES;
				CLANG_WARN_ENUM_CONVERSION = YES;
				CLANG_WARN_INFINITE_RECURSION = YES;
				CLANG_WARN_INT_CONVERSION = YES;
				CLANG_WARN_NON_LITERAL_NULL_CONVERSION = YES;
				CLANG_WARN_OBJC_IMPLICIT_RETAIN_SELF = YES;
				CLANG_WARN_OBJC_LITERAL_CONVERSION = YES;
				CLANG_WARN_OBJC_ROOT_CLASS = YES_ERROR;
				CLANG_WARN_QUOTED_INCLUDE_IN_FRAMEWORK_HEADER = YES;
				CLANG_WARN_RANGE_LOOP_ANALYSIS = YES;
				CLANG_WARN_STRICT_PROTOTYPES = YES;
				CLANG_WARN_SUSPICIOUS_MOVE = YES;
				CLANG_WARN_UNGUARDED_AVAILABILITY = YES_AGGRESSIVE;
				CLANG_WARN_UNREACHABLE_CODE = YES;
				CLANG_WARN__DUPLICATE_METHOD_MATCH = YES;
				COPY_PHASE_STRIP = NO;
				DEBUG_INFORMATION_FORMAT = "dwarf-with-dsym";
				ENABLE_NS_ASSERTIONS = NO;
				ENABLE_STRICT_OBJC_MSGSEND = YES;
				GCC_C_LANGUAGE_STANDARD = gnu11;
				GCC_NO_COMMON_BLOCKS = YES;
				GCC_WARN_64_TO_32_BIT_CONVERSION = YES;
				GCC_WARN_ABOUT_RETURN_TYPE = YES_ERROR;
				GCC_WARN_UNDECLARED_SELECTOR = YES;
				GCC_WARN_UNINITIALIZED_AUTOS = YES_AGGRESSIVE;
				GCC_WARN_UNUSED_FUNCTION = YES;
				GCC_WARN_UNUSED_VARIABLE = YES;
				IPHONEOS_DEPLOYMENT_TARGET = 16.4;
				MTL_ENABLE_DEBUG_INFO = NO;
				MTL_FAST_MATH = YES;
				SDKROOT = iphoneos;
				SWIFT_COMPILATION_MODE = wholemodule;
				SWIFT_OPTIMIZATION_LEVEL = "-O";
				VALIDATE_PRODUCT = YES;
			};
			name = Release;
		};
		A77430402A6A7DFB00124F31 /* Debug */ = {
			isa = XCBuildConfiguration;
			baseConfigurationReference = 8C422D45B1232B59E93C24C4 /* Pods-InstagramApp.debug.xcconfig */;
			buildSettings = {
				ASSETCATALOG_COMPILER_APPICON_NAME = AppIcon;
				ASSETCATALOG_COMPILER_GLOBAL_ACCENT_COLOR_NAME = AccentColor;
				CODE_SIGN_STYLE = Automatic;
				CURRENT_PROJECT_VERSION = 1;
				DEVELOPMENT_TEAM = 43X8U5HZ8Y;
				GENERATE_INFOPLIST_FILE = YES;
				INFOPLIST_FILE = InstagramApp/Info.plist;
				INFOPLIST_KEY_UIApplicationSupportsIndirectInputEvents = YES;
				INFOPLIST_KEY_UILaunchStoryboardName = LaunchScreen;
				INFOPLIST_KEY_UISupportedInterfaceOrientations_iPad = "UIInterfaceOrientationPortrait UIInterfaceOrientationPortraitUpsideDown UIInterfaceOrientationLandscapeLeft UIInterfaceOrientationLandscapeRight";
				INFOPLIST_KEY_UISupportedInterfaceOrientations_iPhone = "UIInterfaceOrientationPortrait UIInterfaceOrientationLandscapeLeft UIInterfaceOrientationLandscapeRight";
				LD_RUNPATH_SEARCH_PATHS = (
					"$(inherited)",
					"@executable_path/Frameworks",
				);
				MARKETING_VERSION = 1.0;
				PRODUCT_BUNDLE_IDENTIFIER = com.vadimkononenko.InstagramApp;
				PRODUCT_NAME = "$(TARGET_NAME)";
				SWIFT_EMIT_LOC_STRINGS = YES;
				SWIFT_VERSION = 5.0;
				TARGETED_DEVICE_FAMILY = "1,2";
			};
			name = Debug;
		};
		A77430412A6A7DFB00124F31 /* Release */ = {
			isa = XCBuildConfiguration;
			baseConfigurationReference = 5086137D0EF9173111208226 /* Pods-InstagramApp.release.xcconfig */;
			buildSettings = {
				ASSETCATALOG_COMPILER_APPICON_NAME = AppIcon;
				ASSETCATALOG_COMPILER_GLOBAL_ACCENT_COLOR_NAME = AccentColor;
				CODE_SIGN_STYLE = Automatic;
				CURRENT_PROJECT_VERSION = 1;
				DEVELOPMENT_TEAM = 43X8U5HZ8Y;
				GENERATE_INFOPLIST_FILE = YES;
				INFOPLIST_FILE = InstagramApp/Info.plist;
				INFOPLIST_KEY_UIApplicationSupportsIndirectInputEvents = YES;
				INFOPLIST_KEY_UILaunchStoryboardName = LaunchScreen;
				INFOPLIST_KEY_UISupportedInterfaceOrientations_iPad = "UIInterfaceOrientationPortrait UIInterfaceOrientationPortraitUpsideDown UIInterfaceOrientationLandscapeLeft UIInterfaceOrientationLandscapeRight";
				INFOPLIST_KEY_UISupportedInterfaceOrientations_iPhone = "UIInterfaceOrientationPortrait UIInterfaceOrientationLandscapeLeft UIInterfaceOrientationLandscapeRight";
				LD_RUNPATH_SEARCH_PATHS = (
					"$(inherited)",
					"@executable_path/Frameworks",
				);
				MARKETING_VERSION = 1.0;
				PRODUCT_BUNDLE_IDENTIFIER = com.vadimkononenko.InstagramApp;
				PRODUCT_NAME = "$(TARGET_NAME)";
				SWIFT_EMIT_LOC_STRINGS = YES;
				SWIFT_VERSION = 5.0;
				TARGETED_DEVICE_FAMILY = "1,2";
			};
			name = Release;
		};
/* End XCBuildConfiguration section */

/* Begin XCConfigurationList section */
		A77430262A6A7DFB00124F31 /* Build configuration list for PBXProject "InstagramApp" */ = {
			isa = XCConfigurationList;
			buildConfigurations = (
				A774303D2A6A7DFB00124F31 /* Debug */,
				A774303E2A6A7DFB00124F31 /* Release */,
			);
			defaultConfigurationIsVisible = 0;
			defaultConfigurationName = Release;
		};
		A774303F2A6A7DFB00124F31 /* Build configuration list for PBXNativeTarget "InstagramApp" */ = {
			isa = XCConfigurationList;
			buildConfigurations = (
				A77430402A6A7DFB00124F31 /* Debug */,
				A77430412A6A7DFB00124F31 /* Release */,
			);
			defaultConfigurationIsVisible = 0;
			defaultConfigurationName = Release;
		};
/* End XCConfigurationList section */
	};
	rootObject = A77430232A6A7DFB00124F31 /* Project object */;
}
